
Microsoft Visual Studio Solution File, Format Version 12.00
# Visual Studio Version 17
VisualStudioVersion = 17.9.34902.65
MinimumVisualStudioVersion = 10.0.40219.1
Project("{FAE04EC0-301F-11D3-BF4B-00C04F79EFBC}") = "BrowserProfiler", "BrowserProfiler.csproj", "{89B013EF-D345-410F-8D27-F19C11029595}"
EndProject
Global
	GlobalSection(SolutionConfigurationPlatforms) = preSolution
		Debug|Any CPU = Debug|Any CPU
		Release|Any CPU = Release|Any CPU
	EndGlobalSection
	GlobalSection(ProjectConfigurationPlatforms) = postSolution
		{89B013EF-D345-410F-8D27-F19C11029595}.Debug|Any CPU.ActiveCfg = Debug|Any CPU
		{89B013EF-D345-410F-8D27-F19C11029595}.Debug|Any CPU.Build.0 = Debug|Any CPU
		{89B013EF-D345-410F-8D27-F19C11029595}.Release|Any CPU.ActiveCfg = Release|Any CPU
		{89B013EF-D345-410F-8D27-F19C11029595}.Release|Any CPU.Build.0 = Release|Any CPU
	EndGlobalSection
	GlobalSection(SolutionProperties) = preSolution
		HideSolutionNode = FALSE
	EndGlobalSection
	GlobalSection(ExtensibilityGlobals) = postSolution
		SolutionGuid = {B791496F-BAFD-4E96-A829-53B1F6CBC0FD}
	EndGlobalSection
EndGlobal
